
Microsoft Visual Studio Solution File, Format Version 12.00
# Visual Studio Version 16
VisualStudioVersion = 16.0.31025.194
MinimumVisualStudioVersion = 10.0.40219.1
Project("{FAE04EC0-301F-11D3-BF4B-00C04F79EFBC}") = "OCP-Principle", "OCP-Principle\OCP-Principle.csproj", "{4486A384-6DEA-400D-961C-0FA986CB8E92}"
EndProject
Project("{FAE04EC0-301F-11D3-BF4B-00C04F79EFBC}") = "LSP", "LSP\LSP.csproj", "{60C65167-EE59-4020-B7DF-557C2D999883}"
EndProject
Global
	GlobalSection(SolutionConfigurationPlatforms) = preSolution
		Debug|Any CPU = Debug|Any CPU
		Release|Any CPU = Release|Any CPU
	EndGlobalSection
	GlobalSection(ProjectConfigurationPlatforms) = postSolution
		{4486A384-6DEA-400D-961C-0FA986CB8E92}.Debug|Any CPU.ActiveCfg = Debug|Any CPU
		{4486A384-6DEA-400D-961C-0FA986CB8E92}.Debug|Any CPU.Build.0 = Debug|Any CPU
		{4486A384-6DEA-400D-961C-0FA986CB8E92}.Release|Any CPU.ActiveCfg = Release|Any CPU
		{4486A384-6DEA-400D-961C-0FA986CB8E92}.Release|Any CPU.Build.0 = Release|Any CPU
		{60C65167-EE59-4020-B7DF-557C2D999883}.Debug|Any CPU.ActiveCfg = Debug|Any CPU
		{60C65167-EE59-4020-B7DF-557C2D999883}.Debug|Any CPU.Build.0 = Debug|Any CPU
		{60C65167-EE59-4020-B7DF-557C2D999883}.Release|Any CPU.ActiveCfg = Release|Any CPU
		{60C65167-EE59-4020-B7DF-557C2D999883}.Release|Any CPU.Build.0 = Release|Any CPU
	EndGlobalSection
	GlobalSection(SolutionProperties) = preSolution
		HideSolutionNode = FALSE
	EndGlobalSection
	GlobalSection(ExtensibilityGlobals) = postSolution
		SolutionGuid = {5C7A91F9-DFF3-4C3D-AB4B-FA68D2D58E6B}
	EndGlobalSection
EndGlobal
